<?xml version="1.0" encoding="UTF-8" standalone="yes" ?>
<CodeBlocks_project_file>
	<FileVersion major="1" minor="6" />
	<Project>
		<Option title="FindFalseMatches" />
		<Option pch_mode="2" />
		<Option compiler="gcc" />
		<Build>
			<Target title="Debug">
				<Option output="bin/Debug/test_opencv" prefix_auto="1" extension_auto="1" />
				<Option object_output="obj/Debug/" />
				<Option type="1" />
				<Option compiler="gcc" />
				<Option parameters="bonafont.jpg" />
				<Compiler>
					<Add option="-g" />
					<Add directory="C:/opencv/build/include" />
				</Compiler>
				<Linker>
					<Add library="C:\opencv\build\x86\mingw\lib\libopencv_calib3d243.dll.a" />
					<Add library="C:\opencv\build\x86\mingw\lib\libopencv_contrib243.dll.a" />
					<Add library="C:\opencv\build\x86\mingw\lib\libopencv_core243.dll.a" />
					<Add library="C:\opencv\build\x86\mingw\lib\libopencv_features2d243.dll.a" />
					<Add library="C:\opencv\build\x86\mingw\lib\libopencv_flann243.dll.a" />
					<Add library="C:\opencv\build\x86\mingw\lib\libopencv_gpu243.dll.a" />
					<Add library="C:\opencv\build\x86\mingw\lib\libopencv_highgui243.dll.a" />
					<Add library="C:\opencv\build\x86\mingw\lib\libopencv_imgproc243.dll.a" />
					<Add library="C:\opencv\build\x86\mingw\lib\libopencv_legacy243.dll.a" />
					<Add library="C:\opencv\build\x86\mingw\lib\libopencv_ml243.dll.a" />
					<Add library="C:\opencv\build\x86\mingw\lib\libopencv_nonfree243.dll.a" />
					<Add library="C:\opencv\build\x86\mingw\lib\libopencv_objdetect243.dll.a" />
					<Add library="C:\opencv\build\x86\mingw\lib\libopencv_photo243.dll.a" />
					<Add library="C:\opencv\build\x86\mingw\lib\libopencv_stitching243.dll.a" />
					<Add library="C:\opencv\build\x86\mingw\lib\libopencv_ts243.a" />
					<Add library="C:\opencv\build\x86\mingw\lib\libopencv_video243.dll.a" />
					<Add library="C:\opencv\build\x86\mingw\lib\libopencv_videostab243.dll.a" />
					<Add directory="C:/opencv/build/x86/mingw/lib" />
				</Linker>
			</Target>
			<Target title="Release">
				<Option output="bin/Release/test_opencv" prefix_auto="1" extension_auto="1" />
				<Option object_output="obj/Release/" />
				<Option type="1" />
				<Option compiler="gcc" />
				<Compiler>
					<Add option="-O2" />
				</Compiler>
				<Linker>
					<Add option="-s" />
				</Linker>
			</Target>
		</Build>
		<Compiler>
			<Add option="-Wall" />
			<Add option="-fexceptions" />
		</Compiler>
		<Unit filename="main.cpp" />
		<Extensions>
			<code_completion />
			<envvars />
			<debugger />
			<lib_finder disable_auto="1" />
		</Extensions>
	</Project>
</CodeBlocks_project_file>
